
Microsoft Visual Studio Solution File, Format Version 12.00
# Visual Studio Version 17
VisualStudioVersion = 17.11.35219.272
MinimumVisualStudioVersion = 10.0.40219.1
Project("{8BC9CEB8-8B4A-11D0-8D11-00A0C91BC942}") = "postgreSQL_Connection", "DB_Connection.vcxproj", "{F437F3C1-627D-4E47-9D38-81CA37CECB67}"
EndProject
Project("{8BC9CEB8-8B4A-11D0-8D11-00A0C91BC942}") = "gRPC_Client", "..\GameClient\GameClient.vcxproj", "{B840C07D-6BC8-417F-A639-6768C6D36766}"
EndProject
Project("{8BC9CEB8-8B4A-11D0-8D11-00A0C91BC942}") = "gRPC_Server", "..\GameServer\GameServer.vcxproj", "{A808C0FA-99C7-4F87-91A2-65A000699F68}"
EndProject
Project("{8BC9CEB8-8B4A-11D0-8D11-00A0C91BC942}") = "MatchmakingServer", "..\MatchmakingServer\MatchmakingServer.vcxproj", "{70558993-0D20-4908-B96D-EDBB47B8BC10}"
EndProject
Global
	GlobalSection(SolutionConfigurationPlatforms) = preSolution
		Debug|x64 = Debug|x64
		Debug|x86 = Debug|x86
		Release|x64 = Release|x64
		Release|x86 = Release|x86
	EndGlobalSection
	GlobalSection(ProjectConfigurationPlatforms) = postSolution
		{F437F3C1-627D-4E47-9D38-81CA37CECB67}.Debug|x64.ActiveCfg = Debug|x64
		{F437F3C1-627D-4E47-9D38-81CA37CECB67}.Debug|x86.ActiveCfg = Debug|Win32
		{F437F3C1-627D-4E47-9D38-81CA37CECB67}.Debug|x86.Build.0 = Debug|Win32
		{F437F3C1-627D-4E47-9D38-81CA37CECB67}.Release|x64.ActiveCfg = Release|x64
		{F437F3C1-627D-4E47-9D38-81CA37CECB67}.Release|x64.Build.0 = Release|x64
		{F437F3C1-627D-4E47-9D38-81CA37CECB67}.Release|x86.ActiveCfg = Release|Win32
		{F437F3C1-627D-4E47-9D38-81CA37CECB67}.Release|x86.Build.0 = Release|Win32
		{B840C07D-6BC8-417F-A639-6768C6D36766}.Debug|x64.ActiveCfg = Debug|x64
		{B840C07D-6BC8-417F-A639-6768C6D36766}.Debug|x64.Build.0 = Debug|x64
		{B840C07D-6BC8-417F-A639-6768C6D36766}.Debug|x86.ActiveCfg = Debug|Win32
		{B840C07D-6BC8-417F-A639-6768C6D36766}.Debug|x86.Build.0 = Debug|Win32
		{B840C07D-6BC8-417F-A639-6768C6D36766}.Release|x64.ActiveCfg = Release|x64
		{B840C07D-6BC8-417F-A639-6768C6D36766}.Release|x64.Build.0 = Release|x64
		{B840C07D-6BC8-417F-A639-6768C6D36766}.Release|x86.ActiveCfg = Release|Win32
		{B840C07D-6BC8-417F-A639-6768C6D36766}.Release|x86.Build.0 = Release|Win32
		{A808C0FA-99C7-4F87-91A2-65A000699F68}.Debug|x64.ActiveCfg = Debug|x64
		{A808C0FA-99C7-4F87-91A2-65A000699F68}.Debug|x64.Build.0 = Debug|x64
		{A808C0FA-99C7-4F87-91A2-65A000699F68}.Debug|x86.ActiveCfg = Debug|Win32
		{A808C0FA-99C7-4F87-91A2-65A000699F68}.Debug|x86.Build.0 = Debug|Win32
		{A808C0FA-99C7-4F87-91A2-65A000699F68}.Release|x64.ActiveCfg = Release|x64
		{A808C0FA-99C7-4F87-91A2-65A000699F68}.Release|x64.Build.0 = Release|x64
		{A808C0FA-99C7-4F87-91A2-65A000699F68}.Release|x86.ActiveCfg = Release|Win32
		{A808C0FA-99C7-4F87-91A2-65A000699F68}.Release|x86.Build.0 = Release|Win32
		{70558993-0D20-4908-B96D-EDBB47B8BC10}.Debug|x64.ActiveCfg = Debug|x64
		{70558993-0D20-4908-B96D-EDBB47B8BC10}.Debug|x64.Build.0 = Debug|x64
		{70558993-0D20-4908-B96D-EDBB47B8BC10}.Debug|x86.ActiveCfg = Debug|Win32
		{70558993-0D20-4908-B96D-EDBB47B8BC10}.Debug|x86.Build.0 = Debug|Win32
		{70558993-0D20-4908-B96D-EDBB47B8BC10}.Release|x64.ActiveCfg = Release|x64
		{70558993-0D20-4908-B96D-EDBB47B8BC10}.Release|x64.Build.0 = Release|x64
		{70558993-0D20-4908-B96D-EDBB47B8BC10}.Release|x86.ActiveCfg = Release|Win32
		{70558993-0D20-4908-B96D-EDBB47B8BC10}.Release|x86.Build.0 = Release|Win32
	EndGlobalSection
	GlobalSection(SolutionProperties) = preSolution
		HideSolutionNode = FALSE
	EndGlobalSection
	GlobalSection(ExtensibilityGlobals) = postSolution
		SolutionGuid = {5CDCAC5D-E1D5-437C-B1DE-6E20920B3A62}
	EndGlobalSection
EndGlobal
